
Microsoft Visual Studio Solution File, Format Version 12.00
# Visual Studio Version 17
VisualStudioVersion = 17.13.35931.197 d17.13
MinimumVisualStudioVersion = 10.0.40219.1
Project("{FAE04EC0-301F-11D3-BF4B-00C04F79EFBC}") = "JoeAndBob", "JoeAndBob\JoeAndBob.csproj", "{B6C328E3-D90E-4F99-910C-DD6F98D0FE08}"
EndProject
Global
	GlobalSection(SolutionConfigurationPlatforms) = preSolution
		Debug|Any CPU = Debug|Any CPU
		Release|Any CPU = Release|Any CPU
	EndGlobalSection
	GlobalSection(ProjectConfigurationPlatforms) = postSolution
		{B6C328E3-D90E-4F99-910C-DD6F98D0FE08}.Debug|Any CPU.ActiveCfg = Debug|Any CPU
		{B6C328E3-D90E-4F99-910C-DD6F98D0FE08}.Debug|Any CPU.Build.0 = Debug|Any CPU
		{B6C328E3-D90E-4F99-910C-DD6F98D0FE08}.Release|Any CPU.ActiveCfg = Release|Any CPU
		{B6C328E3-D90E-4F99-910C-DD6F98D0FE08}.Release|Any CPU.Build.0 = Release|Any CPU
	EndGlobalSection
	GlobalSection(SolutionProperties) = preSolution
		HideSolutionNode = FALSE
	EndGlobalSection
	GlobalSection(ExtensibilityGlobals) = postSolution
		SolutionGuid = {6236C9A6-A11E-494C-9E7B-9E3ACE3FC1C4}
	EndGlobalSection
EndGlobal
